
Microsoft Visual Studio Solution File, Format Version 12.00
# Visual Studio Version 17
VisualStudioVersion = 17.8.34330.188
MinimumVisualStudioVersion = 10.0.40219.1
Project("{FAE04EC0-301F-11D3-BF4B-00C04F79EFBC}") = "AgregaNews.Common", "AgregaNews.Common\AgregaNews.Common.csproj", "{89CB0450-863C-4062-ABD5-B3C4A3543174}"
EndProject
Global
	GlobalSection(SolutionConfigurationPlatforms) = preSolution
		Debug|Any CPU = Debug|Any CPU
		Release|Any CPU = Release|Any CPU
	EndGlobalSection
	GlobalSection(ProjectConfigurationPlatforms) = postSolution
		{89CB0450-863C-4062-ABD5-B3C4A3543174}.Debug|Any CPU.ActiveCfg = Debug|Any CPU
		{89CB0450-863C-4062-ABD5-B3C4A3543174}.Debug|Any CPU.Build.0 = Debug|Any CPU
		{89CB0450-863C-4062-ABD5-B3C4A3543174}.Release|Any CPU.ActiveCfg = Release|Any CPU
		{89CB0450-863C-4062-ABD5-B3C4A3543174}.Release|Any CPU.Build.0 = Release|Any CPU
	EndGlobalSection
	GlobalSection(SolutionProperties) = preSolution
		HideSolutionNode = FALSE
	EndGlobalSection
	GlobalSection(ExtensibilityGlobals) = postSolution
		SolutionGuid = {E4966D78-91EC-4267-9323-65BD2F1FCAFD}
	EndGlobalSection
EndGlobal
